// !$*UTF8*$!
{
	archiveVersion = 1;
	classes = {
	};
	objectVersion = 48;
	objects = {

/* Begin PBXBuildFile section */
		3D134EB520060A0F00D019EC /* AppDelegate.swift in Sources */ = {isa = PBXBuildFile; fileRef = 3D134EB420060A0F00D019EC /* AppDelegate.swift */; };
		3D134EBA20060A0F00D019EC /* Main.storyboard in Resources */ = {isa = PBXBuildFile; fileRef = 3D134EB820060A0F00D019EC /* Main.storyboard */; };
		3D134EBC20060A0F00D019EC /* Assets.xcassets in Resources */ = {isa = PBXBuildFile; fileRef = 3D134EBB20060A0F00D019EC /* Assets.xcassets */; };
		3D134EBF20060A0F00D019EC /* LaunchScreen.storyboard in Resources */ = {isa = PBXBuildFile; fileRef = 3D134EBD20060A0F00D019EC /* LaunchScreen.storyboard */; };
		3D134EC720060EDC00D019EC /* GoogleService-Info.plist in Resources */ = {isa = PBXBuildFile; fileRef = 3D134EC620060EDC00D019EC /* GoogleService-Info.plist */; };
		3D134ECA2006117000D019EC /* Auth.storyboard in Resources */ = {isa = PBXBuildFile; fileRef = 3D134EC92006117000D019EC /* Auth.storyboard */; };
		3D134ED02006127600D019EC /* LoginViewController.swift in Sources */ = {isa = PBXBuildFile; fileRef = 3D134ECF2006127600D019EC /* LoginViewController.swift */; };
		3D134ED22006128300D019EC /* SignUpViewController.swift in Sources */ = {isa = PBXBuildFile; fileRef = 3D134ED12006128300D019EC /* SignUpViewController.swift */; };
		3D134ED420061E7C00D019EC /* SkyScannerTexfieldManager.swift in Sources */ = {isa = PBXBuildFile; fileRef = 3D134ED320061E7C00D019EC /* SkyScannerTexfieldManager.swift */; };
		3D134ED620067D3C00D019EC /* AlertManager.swift in Sources */ = {isa = PBXBuildFile; fileRef = 3D134ED520067D3C00D019EC /* AlertManager.swift */; };
		3DC124AF20071A8B00873B61 /* HomeViewController.swift in Sources */ = {isa = PBXBuildFile; fileRef = 3DC124AE20071A8B00873B61 /* HomeViewController.swift */; };
		3DC124B120071A9F00873B61 /* PostViewController.swift in Sources */ = {isa = PBXBuildFile; fileRef = 3DC124B020071A9F00873B61 /* PostViewController.swift */; };
		3DC124B320071AB200873B61 /* DetailViewController.swift in Sources */ = {isa = PBXBuildFile; fileRef = 3DC124B220071AB200873B61 /* DetailViewController.swift */; };
		3DC124B520071AC100873B61 /* ProfileViewController.swift in Sources */ = {isa = PBXBuildFile; fileRef = 3DC124B420071AC100873B61 /* ProfileViewController.swift */; };
		3DC124B820071EDD00873B61 /* EventTableViewCell.swift in Sources */ = {isa = PBXBuildFile; fileRef = 3DC124B620071EDD00873B61 /* EventTableViewCell.swift */; };
		3DC124B920071EDD00873B61 /* EventTableViewCell.xib in Resources */ = {isa = PBXBuildFile; fileRef = 3DC124B720071EDD00873B61 /* EventTableViewCell.xib */; };
		3DC124BB2007255800873B61 /* Events.swift in Sources */ = {isa = PBXBuildFile; fileRef = 3DC124BA2007255800873B61 /* Events.swift */; };
		3DC124BD20073B7600873B61 /* DateFormatterManager.swift in Sources */ = {isa = PBXBuildFile; fileRef = 3DC124BC20073B7600873B61 /* DateFormatterManager.swift */; };
		3DC124BF20074CBA00873B61 /* ImagePickerManager.swift in Sources */ = {isa = PBXBuildFile; fileRef = 3DC124BE20074CBA00873B61 /* ImagePickerManager.swift */; };
		8E643D7C60A78497114F4BEE /* Pods_NextAcademyFinalAssessment.framework in Frameworks */ = {isa = PBXBuildFile; fileRef = 0E6E1FAEA0339CABA397B024 /* Pods_NextAcademyFinalAssessment.framework */; };
/* End PBXBuildFile section */

/* Begin PBXFileReference section */
		0E6E1FAEA0339CABA397B024 /* Pods_NextAcademyFinalAssessment.framework */ = {isa = PBXFileReference; explicitFileType = wrapper.framework; includeInIndex = 0; path = Pods_NextAcademyFinalAssessment.framework; sourceTree = BUILT_PRODUCTS_DIR; };
		3D134EB120060A0F00D019EC /* NextAcademyFinalAssessment.app */ = {isa = PBXFileReference; explicitFileType = wrapper.application; includeInIndex = 0; path = NextAcademyFinalAssessment.app; sourceTree = BUILT_PRODUCTS_DIR; };
		3D134EB420060A0F00D019EC /* AppDelegate.swift */ = {isa = PBXFileReference; lastKnownFileType = sourcecode.swift; path = AppDelegate.swift; sourceTree = "<group>"; };
		3D134EB920060A0F00D019EC /* Base */ = {isa = PBXFileReference; lastKnownFileType = file.storyboard; name = Base; path = Base.lproj/Main.storyboard; sourceTree = "<group>"; };
		3D134EBB20060A0F00D019EC /* Assets.xcassets */ = {isa = PBXFileReference; lastKnownFileType = folder.assetcatalog; path = Assets.xcassets; sourceTree = "<group>"; };
		3D134EBE20060A0F00D019EC /* Base */ = {isa = PBXFileReference; lastKnownFileType = file.storyboard; name = Base; path = Base.lproj/LaunchScreen.storyboard; sourceTree = "<group>"; };
		3D134EC020060A0F00D019EC /* Info.plist */ = {isa = PBXFileReference; lastKnownFileType = text.plist.xml; path = Info.plist; sourceTree = "<group>"; };
		3D134EC620060EDC00D019EC /* GoogleService-Info.plist */ = {isa = PBXFileReference; fileEncoding = 4; lastKnownFileType = text.plist.xml; path = "GoogleService-Info.plist"; sourceTree = "<group>"; };
		3D134EC92006117000D019EC /* Auth.storyboard */ = {isa = PBXFileReference; lastKnownFileType = file.storyboard; path = Auth.storyboard; sourceTree = "<group>"; };
		3D134ECF2006127600D019EC /* LoginViewController.swift */ = {isa = PBXFileReference; lastKnownFileType = sourcecode.swift; path = LoginViewController.swift; sourceTree = "<group>"; };
		3D134ED12006128300D019EC /* SignUpViewController.swift */ = {isa = PBXFileReference; lastKnownFileType = sourcecode.swift; path = SignUpViewController.swift; sourceTree = "<group>"; };
		3D134ED320061E7C00D019EC /* SkyScannerTexfieldManager.swift */ = {isa = PBXFileReference; lastKnownFileType = sourcecode.swift; path = SkyScannerTexfieldManager.swift; sourceTree = "<group>"; };
		3D134ED520067D3C00D019EC /* AlertManager.swift */ = {isa = PBXFileReference; lastKnownFileType = sourcecode.swift; path = AlertManager.swift; sourceTree = "<group>"; };
		3DC124AE20071A8B00873B61 /* HomeViewController.swift */ = {isa = PBXFileReference; lastKnownFileType = sourcecode.swift; path = HomeViewController.swift; sourceTree = "<group>"; };
		3DC124B020071A9F00873B61 /* PostViewController.swift */ = {isa = PBXFileReference; lastKnownFileType = sourcecode.swift; path = PostViewController.swift; sourceTree = "<group>"; };
		3DC124B220071AB200873B61 /* DetailViewController.swift */ = {isa = PBXFileReference; lastKnownFileType = sourcecode.swift; path = DetailViewController.swift; sourceTree = "<group>"; };
		3DC124B420071AC100873B61 /* ProfileViewController.swift */ = {isa = PBXFileReference; lastKnownFileType = sourcecode.swift; path = ProfileViewController.swift; sourceTree = "<group>"; };
		3DC124B620071EDD00873B61 /* EventTableViewCell.swift */ = {isa = PBXFileReference; lastKnownFileType = sourcecode.swift; path = EventTableViewCell.swift; sourceTree = "<group>"; };
		3DC124B720071EDD00873B61 /* EventTableViewCell.xib */ = {isa = PBXFileReference; lastKnownFileType = file.xib; path = EventTableViewCell.xib; sourceTree = "<group>"; };
		3DC124BA2007255800873B61 /* Events.swift */ = {isa = PBXFileReference; lastKnownFileType = sourcecode.swift; path = Events.swift; sourceTree = "<group>"; };
		3DC124BC20073B7600873B61 /* DateFormatterManager.swift */ = {isa = PBXFileReference; lastKnownFileType = sourcecode.swift; path = DateFormatterManager.swift; sourceTree = "<group>"; };
		3DC124BE20074CBA00873B61 /* ImagePickerManager.swift */ = {isa = PBXFileReference; lastKnownFileType = sourcecode.swift; path = ImagePickerManager.swift; sourceTree = "<group>"; };
		46F6AE1116B86124F9A53096 /* Pods-NextAcademyFinalAssessment.debug.xcconfig */ = {isa = PBXFileReference; includeInIndex = 1; lastKnownFileType = text.xcconfig; name = "Pods-NextAcademyFinalAssessment.debug.xcconfig"; path = "Pods/Target Support Files/Pods-NextAcademyFinalAssessment/Pods-NextAcademyFinalAssessment.debug.xcconfig"; sourceTree = "<group>"; };
		579BA209DB26477271F0B1EB /* Pods-NextAcademyFinalAssessment.release.xcconfig */ = {isa = PBXFileReference; includeInIndex = 1; lastKnownFileType = text.xcconfig; name = "Pods-NextAcademyFinalAssessment.release.xcconfig"; path = "Pods/Target Support Files/Pods-NextAcademyFinalAssessment/Pods-NextAcademyFinalAssessment.release.xcconfig"; sourceTree = "<group>"; };
/* End PBXFileReference section */

/* Begin PBXFrameworksBuildPhase section */
		3D134EAE20060A0F00D019EC /* Frameworks */ = {
			isa = PBXFrameworksBuildPhase;
			buildActionMask = 2147483647;
			files = (
				8E643D7C60A78497114F4BEE /* Pods_NextAcademyFinalAssessment.framework in Frameworks */,
			);
			runOnlyForDeploymentPostprocessing = 0;
		};
/* End PBXFrameworksBuildPhase section */

/* Begin PBXGroup section */
		3D134EA820060A0F00D019EC = {
			isa = PBXGroup;
			children = (
				3D134EB320060A0F00D019EC /* NextAcademyFinalAssessment */,
				3D134EB220060A0F00D019EC /* Products */,
				B0963947A85BB9FE2A9111C1 /* Pods */,
				6497E03B28565BEA9386847B /* Frameworks */,
			);
			sourceTree = "<group>";
		};
		3D134EB220060A0F00D019EC /* Products */ = {
			isa = PBXGroup;
			children = (
				3D134EB120060A0F00D019EC /* NextAcademyFinalAssessment.app */,
			);
			name = Products;
			sourceTree = "<group>";
		};
		3D134EB320060A0F00D019EC /* NextAcademyFinalAssessment */ = {
			isa = PBXGroup;
			children = (
				3D134EC82006113300D019EC /* Resources */,
				3D134ECB2006119C00D019EC /* Models */,
				3D134ECE200611E100D019EC /* Views */,
				3D134ECC200611A300D019EC /* Controllers */,
				3D134ECD200611BA00D019EC /* Utilities */,
				3D134EC020060A0F00D019EC /* Info.plist */,
				3D134EC620060EDC00D019EC /* GoogleService-Info.plist */,
			);
			path = NextAcademyFinalAssessment;
			sourceTree = "<group>";
		};
		3D134EC82006113300D019EC /* Resources */ = {
			isa = PBXGroup;
			children = (
				3D134EB420060A0F00D019EC /* AppDelegate.swift */,
				3D134EBD20060A0F00D019EC /* LaunchScreen.storyboard */,
				3D134EC92006117000D019EC /* Auth.storyboard */,
				3D134EB820060A0F00D019EC /* Main.storyboard */,
				3D134EBB20060A0F00D019EC /* Assets.xcassets */,
			);
			path = Resources;
			sourceTree = "<group>";
		};
		3D134ECB2006119C00D019EC /* Models */ = {
			isa = PBXGroup;
			children = (
				3DC124BA2007255800873B61 /* Events.swift */,
			);
			path = Models;
			sourceTree = "<group>";
		};
		3D134ECC200611A300D019EC /* Controllers */ = {
			isa = PBXGroup;
			children = (
				3D134ECF2006127600D019EC /* LoginViewController.swift */,
				3D134ED12006128300D019EC /* SignUpViewController.swift */,
				3DC124AE20071A8B00873B61 /* HomeViewController.swift */,
				3DC124B220071AB200873B61 /* DetailViewController.swift */,
				3DC124B020071A9F00873B61 /* PostViewController.swift */,
				3DC124B420071AC100873B61 /* ProfileViewController.swift */,
			);
			path = Controllers;
			sourceTree = "<group>";
		};
		3D134ECD200611BA00D019EC /* Utilities */ = {
			isa = PBXGroup;
			children = (
				3D134ED320061E7C00D019EC /* SkyScannerTexfieldManager.swift */,
				3D134ED520067D3C00D019EC /* AlertManager.swift */,
				3DC124BC20073B7600873B61 /* DateFormatterManager.swift */,
				3DC124BE20074CBA00873B61 /* ImagePickerManager.swift */,
			);
			path = Utilities;
			sourceTree = "<group>";
		};
		3D134ECE200611E100D019EC /* Views */ = {
			isa = PBXGroup;
			children = (
				3DC124B620071EDD00873B61 /* EventTableViewCell.swift */,
				3DC124B720071EDD00873B61 /* EventTableViewCell.xib */,
			);
			path = Views;
			sourceTree = "<group>";
		};
		6497E03B28565BEA9386847B /* Frameworks */ = {
			isa = PBXGroup;
			children = (
				0E6E1FAEA0339CABA397B024 /* Pods_NextAcademyFinalAssessment.framework */,
			);
			name = Frameworks;
			sourceTree = "<group>";
		};
		B0963947A85BB9FE2A9111C1 /* Pods */ = {
			isa = PBXGroup;
			children = (
				46F6AE1116B86124F9A53096 /* Pods-NextAcademyFinalAssessment.debug.xcconfig */,
				579BA209DB26477271F0B1EB /* Pods-NextAcademyFinalAssessment.release.xcconfig */,
			);
			name = Pods;
			sourceTree = "<group>";
		};
/* End PBXGroup section */

/* Begin PBXNativeTarget section */
		3D134EB020060A0F00D019EC /* NextAcademyFinalAssessment */ = {
			isa = PBXNativeTarget;
			buildConfigurationList = 3D134EC320060A0F00D019EC /* Build configuration list for PBXNativeTarget "NextAcademyFinalAssessment" */;
			buildPhases = (
				51BF4EAC2D691C917777E896 /* [CP] Check Pods Manifest.lock */,
				3D134EAD20060A0F00D019EC /* Sources */,
				3D134EAE20060A0F00D019EC /* Frameworks */,
				3D134EAF20060A0F00D019EC /* Resources */,
				0D0910CAA9AAA530BCB03EFE /* [CP] Embed Pods Frameworks */,
				2779878E4463E2ACB0325E72 /* [CP] Copy Pods Resources */,
			);
			buildRules = (
			);
			dependencies = (
			);
			name = NextAcademyFinalAssessment;
			productName = NextAcademyFinalAssessment;
			productReference = 3D134EB120060A0F00D019EC /* NextAcademyFinalAssessment.app */;
			productType = "com.apple.product-type.application";
		};
/* End PBXNativeTarget section */

/* Begin PBXProject section */
		3D134EA920060A0F00D019EC /* Project object */ = {
			isa = PBXProject;
			attributes = {
				LastSwiftUpdateCheck = 0920;
				LastUpgradeCheck = 0920;
				ORGANIZATIONNAME = Yohan;
				TargetAttributes = {
					3D134EB020060A0F00D019EC = {
						CreatedOnToolsVersion = 9.2;
						ProvisioningStyle = Automatic;
					};
				};
			};
			buildConfigurationList = 3D134EAC20060A0F00D019EC /* Build configuration list for PBXProject "NextAcademyFinalAssessment" */;
			compatibilityVersion = "Xcode 8.0";
			developmentRegion = en;
			hasScannedForEncodings = 0;
			knownRegions = (
				en,
				Base,
			);
			mainGroup = 3D134EA820060A0F00D019EC;
			productRefGroup = 3D134EB220060A0F00D019EC /* Products */;
			projectDirPath = "";
			projectRoot = "";
			targets = (
				3D134EB020060A0F00D019EC /* NextAcademyFinalAssessment */,
			);
		};
/* End PBXProject section */

/* Begin PBXResourcesBuildPhase section */
		3D134EAF20060A0F00D019EC /* Resources */ = {
			isa = PBXResourcesBuildPhase;
			buildActionMask = 2147483647;
			files = (
				3DC124B920071EDD00873B61 /* EventTableViewCell.xib in Resources */,
				3D134EBF20060A0F00D019EC /* LaunchScreen.storyboard in Resources */,
				3D134EC720060EDC00D019EC /* GoogleService-Info.plist in Resources */,
				3D134ECA2006117000D019EC /* Auth.storyboard in Resources */,
				3D134EBC20060A0F00D019EC /* Assets.xcassets in Resources */,
				3D134EBA20060A0F00D019EC /* Main.storyboard in Resources */,
			);
			runOnlyForDeploymentPostprocessing = 0;
		};
/* End PBXResourcesBuildPhase section */

/* Begin PBXShellScriptBuildPhase section */
		0D0910CAA9AAA530BCB03EFE /* [CP] Embed Pods Frameworks */ = {
			isa = PBXShellScriptBuildPhase;
			buildActionMask = 2147483647;
			files = (
			);
			inputPaths = (
				"${SRCROOT}/Pods/Target Support Files/Pods-NextAcademyFinalAssessment/Pods-NextAcademyFinalAssessment-frameworks.sh",
				"${BUILT_PRODUCTS_DIR}/GTMSessionFetcher/GTMSessionFetcher.framework",
				"${BUILT_PRODUCTS_DIR}/GoogleToolboxForMac/GoogleToolboxForMac.framework",
				"${BUILT_PRODUCTS_DIR}/IQKeyboardManagerSwift/IQKeyboardManagerSwift.framework",
				"${BUILT_PRODUCTS_DIR}/SkyFloatingLabelTextField/SkyFloatingLabelTextField.framework",
				"${BUILT_PRODUCTS_DIR}/leveldb-library/leveldb.framework",
				"${BUILT_PRODUCTS_DIR}/nanopb/nanopb.framework",
			);
			name = "[CP] Embed Pods Frameworks";
			outputPaths = (
				"${TARGET_BUILD_DIR}/${FRAMEWORKS_FOLDER_PATH}/GTMSessionFetcher.framework",
				"${TARGET_BUILD_DIR}/${FRAMEWORKS_FOLDER_PATH}/GoogleToolboxForMac.framework",
				"${TARGET_BUILD_DIR}/${FRAMEWORKS_FOLDER_PATH}/IQKeyboardManagerSwift.framework",
				"${TARGET_BUILD_DIR}/${FRAMEWORKS_FOLDER_PATH}/SkyFloatingLabelTextField.framework",
				"${TARGET_BUILD_DIR}/${FRAMEWORKS_FOLDER_PATH}/leveldb.framework",
				"${TARGET_BUILD_DIR}/${FRAMEWORKS_FOLDER_PATH}/nanopb.framework",
			);
			runOnlyForDeploymentPostprocessing = 0;
			shellPath = /bin/sh;
			shellScript = "\"${SRCROOT}/Pods/Target Support Files/Pods-NextAcademyFinalAssessment/Pods-NextAcademyFinalAssessment-frameworks.sh\"\n";
			showEnvVarsInLog = 0;
		};
		2779878E4463E2ACB0325E72 /* [CP] Copy Pods Resources */ = {
			isa = PBXShellScriptBuildPhase;
			buildActionMask = 2147483647;
			files = (
			);
			inputPaths = (
			);
			name = "[CP] Copy Pods Resources";
			outputPaths = (
			);
			runOnlyForDeploymentPostprocessing = 0;
			shellPath = /bin/sh;
			shellScript = "\"${SRCROOT}/Pods/Target Support Files/Pods-NextAcademyFinalAssessment/Pods-NextAcademyFinalAssessment-resources.sh\"\n";
			showEnvVarsInLog = 0;
		};
		51BF4EAC2D691C917777E896 /* [CP] Check Pods Manifest.lock */ = {
			isa = PBXShellScriptBuildPhase;
			buildActionMask = 2147483647;
			files = (
			);
			inputPaths = (
				"${PODS_PODFILE_DIR_PATH}/Podfile.lock",
				"${PODS_ROOT}/Manifest.lock",
			);
			name = "[CP] Check Pods Manifest.lock";
			outputPaths = (
				"$(DERIVED_FILE_DIR)/Pods-NextAcademyFinalAssessment-checkManifestLockResult.txt",
			);
			runOnlyForDeploymentPostprocessing = 0;
			shellPath = /bin/sh;
			shellScript = "diff \"${PODS_PODFILE_DIR_PATH}/Podfile.lock\" \"${PODS_ROOT}/Manifest.lock\" > /dev/null\nif [ $? != 0 ] ; then\n    # print error to STDERR\n    echo \"error: The sandbox is not in sync with the Podfile.lock. Run 'pod install' or update your CocoaPods installation.\" >&2\n    exit 1\nfi\n# This output is used by Xcode 'outputs' to avoid re-running this script phase.\necho \"SUCCESS\" > \"${SCRIPT_OUTPUT_FILE_0}\"\n";
			showEnvVarsInLog = 0;
		};
/* End PBXShellScriptBuildPhase section */

/* Begin PBXSourcesBuildPhase section */
		3D134EAD20060A0F00D019EC /* Sources */ = {
			isa = PBXSourcesBuildPhase;
			buildActionMask = 2147483647;
			files = (
				3DC124BD20073B7600873B61 /* DateFormatterManager.swift in Sources */,
				3D134ED22006128300D019EC /* SignUpViewController.swift in Sources */,
				3DC124BB2007255800873B61 /* Events.swift in Sources */,
				3D134ED02006127600D019EC /* LoginViewController.swift in Sources */,
				3DC124B120071A9F00873B61 /* PostViewController.swift in Sources */,
				3D134ED620067D3C00D019EC /* AlertManager.swift in Sources */,
				3D134EB520060A0F00D019EC /* AppDelegate.swift in Sources */,
				3D134ED420061E7C00D019EC /* SkyScannerTexfieldManager.swift in Sources */,
				3DC124B520071AC100873B61 /* ProfileViewController.swift in Sources */,
				3DC124AF20071A8B00873B61 /* HomeViewController.swift in Sources */,
				3DC124B820071EDD00873B61 /* EventTableViewCell.swift in Sources */,
				3DC124BF20074CBA00873B61 /* ImagePickerManager.swift in Sources */,
				3DC124B320071AB200873B61 /* DetailViewController.swift in Sources */,
			);
			runOnlyForDeploymentPostprocessing = 0;
		};
/* End PBXSourcesBuildPhase section */

/* Begin PBXVariantGroup section */
		3D134EB820060A0F00D019EC /* Main.storyboard */ = {
			isa = PBXVariantGroup;
			children = (
				3D134EB920060A0F00D019EC /* Base */,
			);
			name = Main.storyboard;
			sourceTree = "<group>";
		};
		3D134EBD20060A0F00D019EC /* LaunchScreen.storyboard */ = {
			isa = PBXVariantGroup;
			children = (
				3D134EBE20060A0F00D019EC /* Base */,
			);
			name = LaunchScreen.storyboard;
			sourceTree = "<group>";
		};
/* End PBXVariantGroup section */

/* Begin XCBuildConfiguration section */
		3D134EC120060A0F00D019EC /* Debug */ = {
			isa = XCBuildConfiguration;
			buildSettings = {
				ALWAYS_SEARCH_USER_PATHS = NO;
				CLANG_ANALYZER_NONNULL = YES;
				CLANG_ANALYZER_NUMBER_OBJECT_CONVERSION = YES_AGGRESSIVE;
				CLANG_CXX_LANGUAGE_STANDARD = "gnu++14";
				CLANG_CXX_LIBRARY = "libc++";
				CLANG_ENABLE_MODULES = YES;
				CLANG_ENABLE_OBJC_ARC = YES;
				CLANG_WARN_BLOCK_CAPTURE_AUTORELEASING = YES;
				CLANG_WARN_BOOL_CONVERSION = YES;
				CLANG_WARN_COMMA = YES;
				CLANG_WARN_CONSTANT_CONVERSION = YES;
				CLANG_WARN_DIRECT_OBJC_ISA_USAGE = YES_ERROR;
				CLANG_WARN_DOCUMENTATION_COMMENTS = YES;
				CLANG_WARN_EMPTY_BODY = YES;
				CLANG_WARN_ENUM_CONVERSION = YES;
				CLANG_WARN_INFINITE_RECURSION = YES;
				CLANG_WARN_INT_CONVERSION = YES;
				CLANG_WARN_NON_LITERAL_NULL_CONVERSION = YES;
				CLANG_WARN_OBJC_LITERAL_CONVERSION = YES;
				CLANG_WARN_OBJC_ROOT_CLASS = YES_ERROR;
				CLANG_WARN_RANGE_LOOP_ANALYSIS = YES;
				CLANG_WARN_STRICT_PROTOTYPES = YES;
				CLANG_WARN_SUSPICIOUS_MOVE = YES;
				CLANG_WARN_UNGUARDED_AVAILABILITY = YES_AGGRESSIVE;
				CLANG_WARN_UNREACHABLE_CODE = YES;
				CLANG_WARN__DUPLICATE_METHOD_MATCH = YES;
				CODE_SIGN_IDENTITY = "iPhone Developer";
				COPY_PHASE_STRIP = NO;
				DEBUG_INFORMATION_FORMAT = dwarf;
				ENABLE_STRICT_OBJC_MSGSEND = YES;
				ENABLE_TESTABILITY = YES;
				GCC_C_LANGUAGE_STANDARD = gnu11;
				GCC_DYNAMIC_NO_PIC = NO;
				GCC_NO_COMMON_BLOCKS = YES;
				GCC_OPTIMIZATION_LEVEL = 0;
				GCC_PREPROCESSOR_DEFINITIONS = (
					"DEBUG=1",
					"$(inherited)",
				);
				GCC_WARN_64_TO_32_BIT_CONVERSION = YES;
				GCC_WARN_ABOUT_RETURN_TYPE = YES_ERROR;
				GCC_WARN_UNDECLARED_SELECTOR = YES;
				GCC_WARN_UNINITIALIZED_AUTOS = YES_AGGRESSIVE;
				GCC_WARN_UNUSED_FUNCTION = YES;
				GCC_WARN_UNUSED_VARIABLE = YES;
				IPHONEOS_DEPLOYMENT_TARGET = 11.2;
				MTL_ENABLE_DEBUG_INFO = YES;
				ONLY_ACTIVE_ARCH = YES;
				SDKROOT = iphoneos;
				SWIFT_ACTIVE_COMPILATION_CONDITIONS = DEBUG;
				SWIFT_OPTIMIZATION_LEVEL = "-Onone";
			};
			name = Debug;
		};
		3D134EC220060A0F00D019EC /* Release */ = {
			isa = XCBuildConfiguration;
			buildSettings = {
				ALWAYS_SEARCH_USER_PATHS = NO;
				CLANG_ANALYZER_NONNULL = YES;
				CLANG_ANALYZER_NUMBER_OBJECT_CONVERSION = YES_AGGRESSIVE;
				CLANG_CXX_LANGUAGE_STANDARD = "gnu++14";
				CLANG_CXX_LIBRARY = "libc++";
				CLANG_ENABLE_MODULES = YES;
				CLANG_ENABLE_OBJC_ARC = YES;
				CLANG_WARN_BLOCK_CAPTURE_AUTORELEASING = YES;
				CLANG_WARN_BOOL_CONVERSION = YES;
				CLANG_WARN_COMMA = YES;
				CLANG_WARN_CONSTANT_CONVERSION = YES;
				CLANG_WARN_DIRECT_OBJC_ISA_USAGE = YES_ERROR;
				CLANG_WARN_DOCUMENTATION_COMMENTS = YES;
				CLANG_WARN_EMPTY_BODY = YES;
				CLANG_WARN_ENUM_CONVERSION = YES;
				CLANG_WARN_INFINITE_RECURSION = YES;
				CLANG_WARN_INT_CONVERSION = YES;
				CLANG_WARN_NON_LITERAL_NULL_CONVERSION = YES;
				CLANG_WARN_OBJC_LITERAL_CONVERSION = YES;
				CLANG_WARN_OBJC_ROOT_CLASS = YES_ERROR;
				CLANG_WARN_RANGE_LOOP_ANALYSIS = YES;
				CLANG_WARN_STRICT_PROTOTYPES = YES;
				CLANG_WARN_SUSPICIOUS_MOVE = YES;
				CLANG_WARN_UNGUARDED_AVAILABILITY = YES_AGGRESSIVE;
				CLANG_WARN_UNREACHABLE_CODE = YES;
				CLANG_WARN__DUPLICATE_METHOD_MATCH = YES;
				CODE_SIGN_IDENTITY = "iPhone Developer";
				COPY_PHASE_STRIP = NO;
				DEBUG_INFORMATION_FORMAT = "dwarf-with-dsym";
				ENABLE_NS_ASSERTIONS = NO;
				ENABLE_STRICT_OBJC_MSGSEND = YES;
				GCC_C_LANGUAGE_STANDARD = gnu11;
				GCC_NO_COMMON_BLOCKS = YES;
				GCC_WARN_64_TO_32_BIT_CONVERSION = YES;
				GCC_WARN_ABOUT_RETURN_TYPE = YES_ERROR;
				GCC_WARN_UNDECLARED_SELECTOR = YES;
				GCC_WARN_UNINITIALIZED_AUTOS = YES_AGGRESSIVE;
				GCC_WARN_UNUSED_FUNCTION = YES;
				GCC_WARN_UNUSED_VARIABLE = YES;
				IPHONEOS_DEPLOYMENT_TARGET = 11.2;
				MTL_ENABLE_DEBUG_INFO = NO;
				SDKROOT = iphoneos;
				SWIFT_OPTIMIZATION_LEVEL = "-Owholemodule";
				VALIDATE_PRODUCT = YES;
			};
			name = Release;
		};
		3D134EC420060A0F00D019EC /* Debug */ = {
			isa = XCBuildConfiguration;
			baseConfigurationReference = 46F6AE1116B86124F9A53096 /* Pods-NextAcademyFinalAssessment.debug.xcconfig */;
			buildSettings = {
				ASSETCATALOG_COMPILER_APPICON_NAME = AppIcon;
				CODE_SIGN_STYLE = Automatic;
				DEVELOPMENT_TEAM = 3359K7D33H;
				INFOPLIST_FILE = NextAcademyFinalAssessment/Info.plist;
				LD_RUNPATH_SEARCH_PATHS = "$(inherited) @executable_path/Frameworks";
				PRODUCT_BUNDLE_IDENTIFIER = com.NextAcademyFinalAssessment;
				PRODUCT_NAME = "$(TARGET_NAME)";
				SWIFT_VERSION = 4.0;
				TARGETED_DEVICE_FAMILY = "1,2";
			};
			name = Debug;
		};
		3D134EC520060A0F00D019EC /* Release */ = {
			isa = XCBuildConfiguration;
			baseConfigurationReference = 579BA209DB26477271F0B1EB /* Pods-NextAcademyFinalAssessment.release.xcconfig */;
			buildSettings = {
				ASSETCATALOG_COMPILER_APPICON_NAME = AppIcon;
				CODE_SIGN_STYLE = Automatic;
				DEVELOPMENT_TEAM = 3359K7D33H;
				INFOPLIST_FILE = NextAcademyFinalAssessment/Info.plist;
				LD_RUNPATH_SEARCH_PATHS = "$(inherited) @executable_path/Frameworks";
				PRODUCT_BUNDLE_IDENTIFIER = com.NextAcademyFinalAssessment;
				PRODUCT_NAME = "$(TARGET_NAME)";
				SWIFT_VERSION = 4.0;
				TARGETED_DEVICE_FAMILY = "1,2";
			};
			name = Release;
		};
/* End XCBuildConfiguration section */

/* Begin XCConfigurationList section */
		3D134EAC20060A0F00D019EC /* Build configuration list for PBXProject "NextAcademyFinalAssessment" */ = {
			isa = XCConfigurationList;
			buildConfigurations = (
				3D134EC120060A0F00D019EC /* Debug */,
				3D134EC220060A0F00D019EC /* Release */,
			);
			defaultConfigurationIsVisible = 0;
			defaultConfigurationName = Release;
		};
		3D134EC320060A0F00D019EC /* Build configuration list for PBXNativeTarget "NextAcademyFinalAssessment" */ = {
			isa = XCConfigurationList;
			buildConfigurations = (
				3D134EC420060A0F00D019EC /* Debug */,
				3D134EC520060A0F00D019EC /* Release */,
			);
			defaultConfigurationIsVisible = 0;
			defaultConfigurationName = Release;
		};
/* End XCConfigurationList section */
	};
	rootObject = 3D134EA920060A0F00D019EC /* Project object */;
}
